
Microsoft Visual Studio Solution File, Format Version 12.00
Project("{FAE04EC0-301F-11D3-BF4B-00C04F79EFBC}") = "JsonPatchDocumentExtensionDataAdapter", "JsonPatchDocumentExtensionDataAdapter\JsonPatchDocumentExtensionDataAdapter.csproj", "{093295C4-E041-4DD2-B97A-C2CC6958E214}"
EndProject
Project("{FAE04EC0-301F-11D3-BF4B-00C04F79EFBC}") = "UnitTest", "UnitTest\UnitTest.csproj", "{CA9CA5DA-279F-4021-96CE-13784AAD2564}"
EndProject
Global
	GlobalSection(SolutionConfigurationPlatforms) = preSolution
		Debug|Any CPU = Debug|Any CPU
		Release|Any CPU = Release|Any CPU
	EndGlobalSection
	GlobalSection(ProjectConfigurationPlatforms) = postSolution
		{093295C4-E041-4DD2-B97A-C2CC6958E214}.Debug|Any CPU.ActiveCfg = Debug|Any CPU
		{093295C4-E041-4DD2-B97A-C2CC6958E214}.Debug|Any CPU.Build.0 = Debug|Any CPU
		{093295C4-E041-4DD2-B97A-C2CC6958E214}.Release|Any CPU.ActiveCfg = Release|Any CPU
		{093295C4-E041-4DD2-B97A-C2CC6958E214}.Release|Any CPU.Build.0 = Release|Any CPU
		{CA9CA5DA-279F-4021-96CE-13784AAD2564}.Debug|Any CPU.ActiveCfg = Debug|Any CPU
		{CA9CA5DA-279F-4021-96CE-13784AAD2564}.Debug|Any CPU.Build.0 = Debug|Any CPU
		{CA9CA5DA-279F-4021-96CE-13784AAD2564}.Release|Any CPU.ActiveCfg = Release|Any CPU
		{CA9CA5DA-279F-4021-96CE-13784AAD2564}.Release|Any CPU.Build.0 = Release|Any CPU
	EndGlobalSection
EndGlobal
